// !$*UTF8*$!
{
	archiveVersion = 1;
	classes = {
	};
	objectVersion = 46;
	objects = {

/* Begin PBXBuildFile section */
		701F73C01A89124A00EFF0BF /* AppDelegate.swift in Sources */ = {isa = PBXBuildFile; fileRef = 701F73BF1A89124A00EFF0BF /* AppDelegate.swift */; };
		701F73C21A89124A00EFF0BF /* GameScene.sks in Resources */ = {isa = PBXBuildFile; fileRef = 701F73C11A89124A00EFF0BF /* GameScene.sks */; };
		701F73C41A89124A00EFF0BF /* GameScene.swift in Sources */ = {isa = PBXBuildFile; fileRef = 701F73C31A89124A00EFF0BF /* GameScene.swift */; };
		701F73C61A89124A00EFF0BF /* GameViewController.swift in Sources */ = {isa = PBXBuildFile; fileRef = 701F73C51A89124A00EFF0BF /* GameViewController.swift */; };
		701F73C91A89124A00EFF0BF /* Main.storyboard in Resources */ = {isa = PBXBuildFile; fileRef = 701F73C71A89124A00EFF0BF /* Main.storyboard */; };
		701F73CB1A89124A00EFF0BF /* Images.xcassets in Resources */ = {isa = PBXBuildFile; fileRef = 701F73CA1A89124A00EFF0BF /* Images.xcassets */; };
		701F73CE1A89124A00EFF0BF /* LaunchScreen.xib in Resources */ = {isa = PBXBuildFile; fileRef = 701F73CC1A89124A00EFF0BF /* LaunchScreen.xib */; };
		701F73DA1A89124A00EFF0BF /* SpaceBlastTests.swift in Sources */ = {isa = PBXBuildFile; fileRef = 701F73D91A89124A00EFF0BF /* SpaceBlastTests.swift */; };
/* End PBXBuildFile section */

/* Begin PBXContainerItemProxy section */
		701F73D41A89124A00EFF0BF /* PBXContainerItemProxy */ = {
			isa = PBXContainerItemProxy;
			containerPortal = 701F73B21A89124A00EFF0BF /* Project object */;
			proxyType = 1;
			remoteGlobalIDString = 701F73B91A89124A00EFF0BF;
			remoteInfo = SpaceBlast;
		};
/* End PBXContainerItemProxy section */

/* Begin PBXFileReference section */
		701F73BA1A89124A00EFF0BF /* SpaceBlast.app */ = {isa = PBXFileReference; explicitFileType = wrapper.application; includeInIndex = 0; path = SpaceBlast.app; sourceTree = BUILT_PRODUCTS_DIR; };
		701F73BE1A89124A00EFF0BF /* Info.plist */ = {isa = PBXFileReference; lastKnownFileType = text.plist.xml; path = Info.plist; sourceTree = "<group>"; };
		701F73BF1A89124A00EFF0BF /* AppDelegate.swift */ = {isa = PBXFileReference; lastKnownFileType = sourcecode.swift; path = AppDelegate.swift; sourceTree = "<group>"; };
		701F73C11A89124A00EFF0BF /* GameScene.sks */ = {isa = PBXFileReference; lastKnownFileType = file.sks; path = GameScene.sks; sourceTree = "<group>"; };
		701F73C31A89124A00EFF0BF /* GameScene.swift */ = {isa = PBXFileReference; lastKnownFileType = sourcecode.swift; path = GameScene.swift; sourceTree = "<group>"; };
		701F73C51A89124A00EFF0BF /* GameViewController.swift */ = {isa = PBXFileReference; lastKnownFileType = sourcecode.swift; path = GameViewController.swift; sourceTree = "<group>"; };
		701F73C81A89124A00EFF0BF /* Base */ = {isa = PBXFileReference; lastKnownFileType = file.storyboard; name = Base; path = Base.lproj/Main.storyboard; sourceTree = "<group>"; };
		701F73CA1A89124A00EFF0BF /* Images.xcassets */ = {isa = PBXFileReference; lastKnownFileType = folder.assetcatalog; path = Images.xcassets; sourceTree = "<group>"; };
		701F73CD1A89124A00EFF0BF /* Base */ = {isa = PBXFileReference; lastKnownFileType = file.xib; name = Base; path = Base.lproj/LaunchScreen.xib; sourceTree = "<group>"; };
		701F73D31A89124A00EFF0BF /* SpaceBlastTests.xctest */ = {isa = PBXFileReference; explicitFileType = wrapper.cfbundle; includeInIndex = 0; path = SpaceBlastTests.xctest; sourceTree = BUILT_PRODUCTS_DIR; };
		701F73D81A89124A00EFF0BF /* Info.plist */ = {isa = PBXFileReference; lastKnownFileType = text.plist.xml; path = Info.plist; sourceTree = "<group>"; };
		701F73D91A89124A00EFF0BF /* SpaceBlastTests.swift */ = {isa = PBXFileReference; lastKnownFileType = sourcecode.swift; path = SpaceBlastTests.swift; sourceTree = "<group>"; };
/* End PBXFileReference section */

/* Begin PBXFrameworksBuildPhase section */
		701F73B71A89124A00EFF0BF /* Frameworks */ = {
			isa = PBXFrameworksBuildPhase;
			buildActionMask = 2147483647;
			files = (
			);
			runOnlyForDeploymentPostprocessing = 0;
		};
		701F73D01A89124A00EFF0BF /* Frameworks */ = {
			isa = PBXFrameworksBuildPhase;
			buildActionMask = 2147483647;
			files = (
			);
			runOnlyForDeploymentPostprocessing = 0;
		};
/* End PBXFrameworksBuildPhase section */

/* Begin PBXGroup section */
		701F73B11A89124A00EFF0BF = {
			isa = PBXGroup;
			children = (
				701F73BC1A89124A00EFF0BF /* SpaceBlast */,
				701F73D61A89124A00EFF0BF /* SpaceBlastTests */,
				701F73BB1A89124A00EFF0BF /* Products */,
			);
			sourceTree = "<group>";
		};
		701F73BB1A89124A00EFF0BF /* Products */ = {
			isa = PBXGroup;
			children = (
				701F73BA1A89124A00EFF0BF /* SpaceBlast.app */,
				701F73D31A89124A00EFF0BF /* SpaceBlastTests.xctest */,
			);
			name = Products;
			sourceTree = "<group>";
		};
		701F73BC1A89124A00EFF0BF /* SpaceBlast */ = {
			isa = PBXGroup;
			children = (
				701F73BF1A89124A00EFF0BF /* AppDelegate.swift */,
				701F73C11A89124A00EFF0BF /* GameScene.sks */,
				701F73C31A89124A00EFF0BF /* GameScene.swift */,
				701F73C51A89124A00EFF0BF /* GameViewController.swift */,
				701F73C71A89124A00EFF0BF /* Main.storyboard */,
				701F73CA1A89124A00EFF0BF /* Images.xcassets */,
				701F73CC1A89124A00EFF0BF /* LaunchScreen.xib */,
				701F73BD1A89124A00EFF0BF /* Supporting Files */,
			);
			path = SpaceBlast;
			sourceTree = "<group>";
		};
		701F73BD1A89124A00EFF0BF /* Supporting Files */ = {
			isa = PBXGroup;
			children = (
				701F73BE1A89124A00EFF0BF /* Info.plist */,
			);
			name = "Supporting Files";
			sourceTree = "<group>";
		};
		701F73D61A89124A00EFF0BF /* SpaceBlastTests */ = {
			isa = PBXGroup;
			children = (
				701F73D91A89124A00EFF0BF /* SpaceBlastTests.swift */,
				701F73D71A89124A00EFF0BF /* Supporting Files */,
			);
			path = SpaceBlastTests;
			sourceTree = "<group>";
		};
		701F73D71A89124A00EFF0BF /* Supporting Files */ = {
			isa = PBXGroup;
			children = (
				701F73D81A89124A00EFF0BF /* Info.plist */,
			);
			name = "Supporting Files";
			sourceTree = "<group>";
		};
/* End PBXGroup section */

/* Begin PBXNativeTarget section */
		701F73B91A89124A00EFF0BF /* SpaceBlast */ = {
			isa = PBXNativeTarget;
			buildConfigurationList = 701F73DD1A89124A00EFF0BF /* Build configuration list for PBXNativeTarget "SpaceBlast" */;
			buildPhases = (
				701F73B61A89124A00EFF0BF /* Sources */,
				701F73B71A89124A00EFF0BF /* Frameworks */,
				701F73B81A89124A00EFF0BF /* Resources */,
			);
			buildRules = (
			);
			dependencies = (
			);
			name = SpaceBlast;
			productName = SpaceBlast;
			productReference = 701F73BA1A89124A00EFF0BF /* SpaceBlast.app */;
			productType = "com.apple.product-type.application";
		};
		701F73D21A89124A00EFF0BF /* SpaceBlastTests */ = {
			isa = PBXNativeTarget;
			buildConfigurationList = 701F73E01A89124A00EFF0BF /* Build configuration list for PBXNativeTarget "SpaceBlastTests" */;
			buildPhases = (
				701F73CF1A89124A00EFF0BF /* Sources */,
				701F73D01A89124A00EFF0BF /* Frameworks */,
				701F73D11A89124A00EFF0BF /* Resources */,
			);
			buildRules = (
			);
			dependencies = (
				701F73D51A89124A00EFF0BF /* PBXTargetDependency */,
			);
			name = SpaceBlastTests;
			productName = SpaceBlastTests;
			productReference = 701F73D31A89124A00EFF0BF /* SpaceBlastTests.xctest */;
			productType = "com.apple.product-type.bundle.unit-test";
		};
/* End PBXNativeTarget section */

/* Begin PBXProject section */
		701F73B21A89124A00EFF0BF /* Project object */ = {
			isa = PBXProject;
			attributes = {
				LastUpgradeCheck = 0610;
				ORGANIZATIONNAME = "Jeanie House";
				TargetAttributes = {
					701F73B91A89124A00EFF0BF = {
						CreatedOnToolsVersion = 6.1.1;
					};
					701F73D21A89124A00EFF0BF = {
						CreatedOnToolsVersion = 6.1.1;
						TestTargetID = 701F73B91A89124A00EFF0BF;
					};
				};
			};
			buildConfigurationList = 701F73B51A89124A00EFF0BF /* Build configuration list for PBXProject "SpaceBlast" */;
			compatibilityVersion = "Xcode 3.2";
			developmentRegion = English;
			hasScannedForEncodings = 0;
			knownRegions = (
				en,
				Base,
			);
			mainGroup = 701F73B11A89124A00EFF0BF;
			productRefGroup = 701F73BB1A89124A00EFF0BF /* Products */;
			projectDirPath = "";
			projectRoot = "";
			targets = (
				701F73B91A89124A00EFF0BF /* SpaceBlast */,
				701F73D21A89124A00EFF0BF /* SpaceBlastTests */,
			);
		};
/* End PBXProject section */

/* Begin PBXResourcesBuildPhase section */
		701F73B81A89124A00EFF0BF /* Resources */ = {
			isa = PBXResourcesBuildPhase;
			buildActionMask = 2147483647;
			files = (
				701F73CE1A89124A00EFF0BF /* LaunchScreen.xib in Resources */,
				701F73CB1A89124A00EFF0BF /* Images.xcassets in Resources */,
				701F73C21A89124A00EFF0BF /* GameScene.sks in Resources */,
				701F73C91A89124A00EFF0BF /* Main.storyboard in Resources */,
			);
			runOnlyForDeploymentPostprocessing = 0;
		};
		701F73D11A89124A00EFF0BF /* Resources */ = {
			isa = PBXResourcesBuildPhase;
			buildActionMask = 2147483647;
			files = (
			);
			runOnlyForDeploymentPostprocessing = 0;
		};
/* End PBXResourcesBuildPhase section */

/* Begin PBXSourcesBuildPhase section */
		701F73B61A89124A00EFF0BF /* Sources */ = {
			isa = PBXSourcesBuildPhase;
			buildActionMask = 2147483647;
			files = (
				701F73C41A89124A00EFF0BF /* GameScene.swift in Sources */,
				701F73C61A89124A00EFF0BF /* GameViewController.swift in Sources */,
				701F73C01A89124A00EFF0BF /* AppDelegate.swift in Sources */,
			);
			runOnlyForDeploymentPostprocessing = 0;
		};
		701F73CF1A89124A00EFF0BF /* Sources */ = {
			isa = PBXSourcesBuildPhase;
			buildActionMask = 2147483647;
			files = (
				701F73DA1A89124A00EFF0BF /* SpaceBlastTests.swift in Sources */,
			);
			runOnlyForDeploymentPostprocessing = 0;
		};
/* End PBXSourcesBuildPhase section */

/* Begin PBXTargetDependency section */
		701F73D51A89124A00EFF0BF /* PBXTargetDependency */ = {
			isa = PBXTargetDependency;
			target = 701F73B91A89124A00EFF0BF /* SpaceBlast */;
			targetProxy = 701F73D41A89124A00EFF0BF /* PBXContainerItemProxy */;
		};
/* End PBXTargetDependency section */

/* Begin PBXVariantGroup section */
		701F73C71A89124A00EFF0BF /* Main.storyboard */ = {
			isa = PBXVariantGroup;
			children = (
				701F73C81A89124A00EFF0BF /* Base */,
			);
			name = Main.storyboard;
			sourceTree = "<group>";
		};
		701F73CC1A89124A00EFF0BF /* LaunchScreen.xib */ = {
			isa = PBXVariantGroup;
			children = (
				701F73CD1A89124A00EFF0BF /* Base */,
			);
			name = LaunchScreen.xib;
			sourceTree = "<group>";
		};
/* End PBXVariantGroup section */

/* Begin XCBuildConfiguration section */
		701F73DB1A89124A00EFF0BF /* Debug */ = {
			isa = XCBuildConfiguration;
			buildSettings = {
				ALWAYS_SEARCH_USER_PATHS = NO;
				CLANG_CXX_LANGUAGE_STANDARD = "gnu++0x";
				CLANG_CXX_LIBRARY = "libc++";
				CLANG_ENABLE_MODULES = YES;
				CLANG_ENABLE_OBJC_ARC = YES;
				CLANG_WARN_BOOL_CONVERSION = YES;
				CLANG_WARN_CONSTANT_CONVERSION = YES;
				CLANG_WARN_DIRECT_OBJC_ISA_USAGE = YES_ERROR;
				CLANG_WARN_EMPTY_BODY = YES;
				CLANG_WARN_ENUM_CONVERSION = YES;
				CLANG_WARN_INT_CONVERSION = YES;
				CLANG_WARN_OBJC_ROOT_CLASS = YES_ERROR;
				CLANG_WARN_UNREACHABLE_CODE = YES;
				CLANG_WARN__DUPLICATE_METHOD_MATCH = YES;
				"CODE_SIGN_IDENTITY[sdk=iphoneos*]" = "iPhone Developer";
				COPY_PHASE_STRIP = NO;
				ENABLE_STRICT_OBJC_MSGSEND = YES;
				GCC_C_LANGUAGE_STANDARD = gnu99;
				GCC_DYNAMIC_NO_PIC = NO;
				GCC_OPTIMIZATION_LEVEL = 0;
				GCC_PREPROCESSOR_DEFINITIONS = (
					"DEBUG=1",
					"$(inherited)",
				);
				GCC_SYMBOLS_PRIVATE_EXTERN = NO;
				GCC_WARN_64_TO_32_BIT_CONVERSION = YES;
				GCC_WARN_ABOUT_RETURN_TYPE = YES_ERROR;
				GCC_WARN_UNDECLARED_SELECTOR = YES;
				GCC_WARN_UNINITIALIZED_AUTOS = YES_AGGRESSIVE;
				GCC_WARN_UNUSED_FUNCTION = YES;
				GCC_WARN_UNUSED_VARIABLE = YES;
				IPHONEOS_DEPLOYMENT_TARGET = 8.1;
				MTL_ENABLE_DEBUG_INFO = YES;
				ONLY_ACTIVE_ARCH = YES;
				SDKROOT = iphoneos;
				SWIFT_OPTIMIZATION_LEVEL = "-Onone";
				TARGETED_DEVICE_FAMILY = 2;
			};
			name = Debug;
		};
		701F73DC1A89124A00EFF0BF /* Release */ = {
			isa = XCBuildConfiguration;
			buildSettings = {
				ALWAYS_SEARCH_USER_PATHS = NO;
				CLANG_CXX_LANGUAGE_STANDARD = "gnu++0x";
				CLANG_CXX_LIBRARY = "libc++";
				CLANG_ENABLE_MODULES = YES;
				CLANG_ENABLE_OBJC_ARC = YES;
				CLANG_WARN_BOOL_CONVERSION = YES;
				CLANG_WARN_CONSTANT_CONVERSION = YES;
				CLANG_WARN_DIRECT_OBJC_ISA_USAGE = YES_ERROR;
				CLANG_WARN_EMPTY_BODY = YES;
				CLANG_WARN_ENUM_CONVERSION = YES;
				CLANG_WARN_INT_CONVERSION = YES;
				CLANG_WARN_OBJC_ROOT_CLASS = YES_ERROR;
				CLANG_WARN_UNREACHABLE_CODE = YES;
				CLANG_WARN__DUPLICATE_METHOD_MATCH = YES;
				"CODE_SIGN_IDENTITY[sdk=iphoneos*]" = "iPhone Developer";
				COPY_PHASE_STRIP = YES;
				ENABLE_NS_ASSERTIONS = NO;
				ENABLE_STRICT_OBJC_MSGSEND = YES;
				GCC_C_LANGUAGE_STANDARD = gnu99;
				GCC_WARN_64_TO_32_BIT_CONVERSION = YES;
				GCC_WARN_ABOUT_RETURN_TYPE = YES_ERROR;
				GCC_WARN_UNDECLARED_SELECTOR = YES;
				GCC_WARN_UNINITIALIZED_AUTOS = YES_AGGRESSIVE;
				GCC_WARN_UNUSED_FUNCTION = YES;
				GCC_WARN_UNUSED_VARIABLE = YES;
				IPHONEOS_DEPLOYMENT_TARGET = 8.1;
				MTL_ENABLE_DEBUG_INFO = NO;
				SDKROOT = iphoneos;
				TARGETED_DEVICE_FAMILY = 2;
				VALIDATE_PRODUCT = YES;
			};
			name = Release;
		};
		701F73DE1A89124A00EFF0BF /* Debug */ = {
			isa = XCBuildConfiguration;
			buildSettings = {
				ASSETCATALOG_COMPILER_APPICON_NAME = AppIcon;
				INFOPLIST_FILE = SpaceBlast/Info.plist;
				LD_RUNPATH_SEARCH_PATHS = "$(inherited) @executable_path/Frameworks";
				PRODUCT_NAME = "$(TARGET_NAME)";
			};
			name = Debug;
		};
		701F73DF1A89124A00EFF0BF /* Release */ = {
			isa = XCBuildConfiguration;
			buildSettings = {
				ASSETCATALOG_COMPILER_APPICON_NAME = AppIcon;
				INFOPLIST_FILE = SpaceBlast/Info.plist;
				LD_RUNPATH_SEARCH_PATHS = "$(inherited) @executable_path/Frameworks";
				PRODUCT_NAME = "$(TARGET_NAME)";
			};
			name = Release;
		};
		701F73E11A89124A00EFF0BF /* Debug */ = {
			isa = XCBuildConfiguration;
			buildSettings = {
				BUNDLE_LOADER = "$(TEST_HOST)";
				FRAMEWORK_SEARCH_PATHS = (
					"$(SDKROOT)/Developer/Library/Frameworks",
					"$(inherited)",
				);
				GCC_PREPROCESSOR_DEFINITIONS = (
					"DEBUG=1",
					"$(inherited)",
				);
				INFOPLIST_FILE = SpaceBlastTests/Info.plist;
				LD_RUNPATH_SEARCH_PATHS = "$(inherited) @executable_path/Frameworks @loader_path/Frameworks";
				PRODUCT_NAME = "$(TARGET_NAME)";
				TEST_HOST = "$(BUILT_PRODUCTS_DIR)/SpaceBlast.app/SpaceBlast";
			};
			name = Debug;
		};
		701F73E21A89124A00EFF0BF /* Release */ = {
			isa = XCBuildConfiguration;
			buildSettings = {
				BUNDLE_LOADER = "$(TEST_HOST)";
				FRAMEWORK_SEARCH_PATHS = (
					"$(SDKROOT)/Developer/Library/Frameworks",
					"$(inherited)",
				);
				INFOPLIST_FILE = SpaceBlastTests/Info.plist;
				LD_RUNPATH_SEARCH_PATHS = "$(inherited) @executable_path/Frameworks @loader_path/Frameworks";
				PRODUCT_NAME = "$(TARGET_NAME)";
				TEST_HOST = "$(BUILT_PRODUCTS_DIR)/SpaceBlast.app/SpaceBlast";
			};
			name = Release;
		};
/* End XCBuildConfiguration section */

/* Begin XCConfigurationList section */
		701F73B51A89124A00EFF0BF /* Build configuration list for PBXProject "SpaceBlast" */ = {
			isa = XCConfigurationList;
			buildConfigurations = (
				701F73DB1A89124A00EFF0BF /* Debug */,
				701F73DC1A89124A00EFF0BF /* Release */,
			);
			defaultConfigurationIsVisible = 0;
			defaultConfigurationName = Release;
		};
		701F73DD1A89124A00EFF0BF /* Build configuration list for PBXNativeTarget "SpaceBlast" */ = {
			isa = XCConfigurationList;
			buildConfigurations = (
				701F73DE1A89124A00EFF0BF /* Debug */,
				701F73DF1A89124A00EFF0BF /* Release */,
			);
			defaultConfigurationIsVisible = 0;
		};
		701F73E01A89124A00EFF0BF /* Build configuration list for PBXNativeTarget "SpaceBlastTests" */ = {
			isa = XCConfigurationList;
			buildConfigurations = (
				701F73E11A89124A00EFF0BF /* Debug */,
				701F73E21A89124A00EFF0BF /* Release */,
			);
			defaultConfigurationIsVisible = 0;
		};
/* End XCConfigurationList section */
	};
	rootObject = 701F73B21A89124A00EFF0BF /* Project object */;
}
